// !$*UTF8*$!
{
	archiveVersion = 1;
	classes = {
	};
	objectVersion = 50;
	objects = {

/* Begin PBXBuildFile section */
		82568E6921BACDE300296107 /* AppDelegate.swift in Sources */ = {isa = PBXBuildFile; fileRef = 82568E6821BACDE300296107 /* AppDelegate.swift */; };
		82568E6E21BACDE300296107 /* Main.storyboard in Resources */ = {isa = PBXBuildFile; fileRef = 82568E6C21BACDE300296107 /* Main.storyboard */; };
		82568E7021BACDE400296107 /* Assets.xcassets in Resources */ = {isa = PBXBuildFile; fileRef = 82568E6F21BACDE400296107 /* Assets.xcassets */; };
		82568E7321BACDE400296107 /* LaunchScreen.storyboard in Resources */ = {isa = PBXBuildFile; fileRef = 82568E7121BACDE400296107 /* LaunchScreen.storyboard */; };
		82568E7E21BACE8600296107 /* RandomQuotesViewController.swift in Sources */ = {isa = PBXBuildFile; fileRef = 82568E7D21BACE8600296107 /* RandomQuotesViewController.swift */; };
		82568E8021BACEC600296107 /* Quote.swift in Sources */ = {isa = PBXBuildFile; fileRef = 82568E7F21BACEC600296107 /* Quote.swift */; };
		82568E8321BACF2C00296107 /* QuoteController.swift in Sources */ = {isa = PBXBuildFile; fileRef = 82568E8221BACF2C00296107 /* QuoteController.swift */; };
/* End PBXBuildFile section */

/* Begin PBXFileReference section */
		82568E6521BACDE300296107 /* Random Quotes.app */ = {isa = PBXFileReference; explicitFileType = wrapper.application; includeInIndex = 0; path = "Random Quotes.app"; sourceTree = BUILT_PRODUCTS_DIR; };
		82568E6821BACDE300296107 /* AppDelegate.swift */ = {isa = PBXFileReference; lastKnownFileType = sourcecode.swift; path = AppDelegate.swift; sourceTree = "<group>"; };
		82568E6D21BACDE300296107 /* Base */ = {isa = PBXFileReference; lastKnownFileType = file.storyboard; name = Base; path = Base.lproj/Main.storyboard; sourceTree = "<group>"; };
		82568E6F21BACDE400296107 /* Assets.xcassets */ = {isa = PBXFileReference; lastKnownFileType = folder.assetcatalog; path = Assets.xcassets; sourceTree = "<group>"; };
		82568E7221BACDE400296107 /* Base */ = {isa = PBXFileReference; lastKnownFileType = file.storyboard; name = Base; path = Base.lproj/LaunchScreen.storyboard; sourceTree = "<group>"; };
		82568E7421BACDE400296107 /* Info.plist */ = {isa = PBXFileReference; lastKnownFileType = text.plist.xml; path = Info.plist; sourceTree = "<group>"; };
		82568E7D21BACE8600296107 /* RandomQuotesViewController.swift */ = {isa = PBXFileReference; lastKnownFileType = sourcecode.swift; path = RandomQuotesViewController.swift; sourceTree = "<group>"; };
		82568E7F21BACEC600296107 /* Quote.swift */ = {isa = PBXFileReference; lastKnownFileType = sourcecode.swift; path = Quote.swift; sourceTree = "<group>"; };
		82568E8221BACF2C00296107 /* QuoteController.swift */ = {isa = PBXFileReference; lastKnownFileType = sourcecode.swift; path = QuoteController.swift; sourceTree = "<group>"; };
/* End PBXFileReference section */

/* Begin PBXFrameworksBuildPhase section */
		82568E6221BACDE300296107 /* Frameworks */ = {
			isa = PBXFrameworksBuildPhase;
			buildActionMask = 2147483647;
			files = (
			);
			runOnlyForDeploymentPostprocessing = 0;
		};
/* End PBXFrameworksBuildPhase section */

/* Begin PBXGroup section */
		82568E5C21BACDE300296107 = {
			isa = PBXGroup;
			children = (
				82568E6721BACDE300296107 /* Random Quotes */,
				82568E6621BACDE300296107 /* Products */,
			);
			sourceTree = "<group>";
		};
		82568E6621BACDE300296107 /* Products */ = {
			isa = PBXGroup;
			children = (
				82568E6521BACDE300296107 /* Random Quotes.app */,
			);
			name = Products;
			sourceTree = "<group>";
		};
		82568E6721BACDE300296107 /* Random Quotes */ = {
			isa = PBXGroup;
			children = (
				82568E8121BACECA00296107 /* Models */,
				82568E8421BACF3000296107 /* Model Controllers */,
				82568E7C21BACDFF00296107 /* View Controllers */,
				82568E7B21BACDF700296107 /* Stroyboards */,
				82568E7A21BACDEF00296107 /* Resources */,
			);
			path = "Random Quotes";
			sourceTree = "<group>";
		};
		82568E7A21BACDEF00296107 /* Resources */ = {
			isa = PBXGroup;
			children = (
				82568E6821BACDE300296107 /* AppDelegate.swift */,
				82568E6F21BACDE400296107 /* Assets.xcassets */,
				82568E7421BACDE400296107 /* Info.plist */,
			);
			path = Resources;
			sourceTree = "<group>";
		};
		82568E7B21BACDF700296107 /* Stroyboards */ = {
			isa = PBXGroup;
			children = (
				82568E6C21BACDE300296107 /* Main.storyboard */,
				82568E7121BACDE400296107 /* LaunchScreen.storyboard */,
			);
			path = Stroyboards;
			sourceTree = "<group>";
		};
		82568E7C21BACDFF00296107 /* View Controllers */ = {
			isa = PBXGroup;
			children = (
				82568E7D21BACE8600296107 /* RandomQuotesViewController.swift */,
			);
			path = "View Controllers";
			sourceTree = "<group>";
		};
		82568E8121BACECA00296107 /* Models */ = {
			isa = PBXGroup;
			children = (
				82568E7F21BACEC600296107 /* Quote.swift */,
			);
			path = Models;
			sourceTree = "<group>";
		};
		82568E8421BACF3000296107 /* Model Controllers */ = {
			isa = PBXGroup;
			children = (
				82568E8221BACF2C00296107 /* QuoteController.swift */,
			);
			path = "Model Controllers";
			sourceTree = "<group>";
		};
/* End PBXGroup section */

/* Begin PBXNativeTarget section */
		82568E6421BACDE300296107 /* Random Quotes */ = {
			isa = PBXNativeTarget;
			buildConfigurationList = 82568E7721BACDE400296107 /* Build configuration list for PBXNativeTarget "Random Quotes" */;
			buildPhases = (
				82568E6121BACDE300296107 /* Sources */,
				82568E6221BACDE300296107 /* Frameworks */,
				82568E6321BACDE300296107 /* Resources */,
			);
			buildRules = (
			);
			dependencies = (
			);
			name = "Random Quotes";
			productName = "Random Quotes";
			productReference = 82568E6521BACDE300296107 /* Random Quotes.app */;
			productType = "com.apple.product-type.application";
		};
/* End PBXNativeTarget section */

/* Begin PBXProject section */
		82568E5D21BACDE300296107 /* Project object */ = {
			isa = PBXProject;
			attributes = {
				LastSwiftUpdateCheck = 1010;
				LastUpgradeCheck = 1010;
				ORGANIZATIONNAME = "Lambda School";
				TargetAttributes = {
					82568E6421BACDE300296107 = {
						CreatedOnToolsVersion = 10.1;
					};
				};
			};
			buildConfigurationList = 82568E6021BACDE300296107 /* Build configuration list for PBXProject "Random Quotes" */;
			compatibilityVersion = "Xcode 9.3";
			developmentRegion = en;
			hasScannedForEncodings = 0;
			knownRegions = (
				en,
				Base,
			);
			mainGroup = 82568E5C21BACDE300296107;
			productRefGroup = 82568E6621BACDE300296107 /* Products */;
			projectDirPath = "";
			projectRoot = "";
			targets = (
				82568E6421BACDE300296107 /* Random Quotes */,
			);
		};
/* End PBXProject section */

/* Begin PBXResourcesBuildPhase section */
		82568E6321BACDE300296107 /* Resources */ = {
			isa = PBXResourcesBuildPhase;
			buildActionMask = 2147483647;
			files = (
				82568E7321BACDE400296107 /* LaunchScreen.storyboard in Resources */,
				82568E7021BACDE400296107 /* Assets.xcassets in Resources */,
				82568E6E21BACDE300296107 /* Main.storyboard in Resources */,
			);
			runOnlyForDeploymentPostprocessing = 0;
		};
/* End PBXResourcesBuildPhase section */

/* Begin PBXSourcesBuildPhase section */
		82568E6121BACDE300296107 /* Sources */ = {
			isa = PBXSourcesBuildPhase;
			buildActionMask = 2147483647;
			files = (
				82568E7E21BACE8600296107 /* RandomQuotesViewController.swift in Sources */,
				82568E8021BACEC600296107 /* Quote.swift in Sources */,
				82568E8321BACF2C00296107 /* QuoteController.swift in Sources */,
				82568E6921BACDE300296107 /* AppDelegate.swift in Sources */,
			);
			runOnlyForDeploymentPostprocessing = 0;
		};
/* End PBXSourcesBuildPhase section */

/* Begin PBXVariantGroup section */
		82568E6C21BACDE300296107 /* Main.storyboard */ = {
			isa = PBXVariantGroup;
			children = (
				82568E6D21BACDE300296107 /* Base */,
			);
			name = Main.storyboard;
			sourceTree = "<group>";
		};
		82568E7121BACDE400296107 /* LaunchScreen.storyboard */ = {
			isa = PBXVariantGroup;
			children = (
				82568E7221BACDE400296107 /* Base */,
			);
			name = LaunchScreen.storyboard;
			sourceTree = "<group>";
		};
/* End PBXVariantGroup section */

/* Begin XCBuildConfiguration section */
		82568E7521BACDE400296107 /* Debug */ = {
			isa = XCBuildConfiguration;
			buildSettings = {
				ALWAYS_SEARCH_USER_PATHS = NO;
				CLANG_ANALYZER_NONNULL = YES;
				CLANG_ANALYZER_NUMBER_OBJECT_CONVERSION = YES_AGGRESSIVE;
				CLANG_CXX_LANGUAGE_STANDARD = "gnu++14";
				CLANG_CXX_LIBRARY = "libc++";
				CLANG_ENABLE_MODULES = YES;
				CLANG_ENABLE_OBJC_ARC = YES;
				CLANG_ENABLE_OBJC_WEAK = YES;
				CLANG_WARN_BLOCK_CAPTURE_AUTORELEASING = YES;
				CLANG_WARN_BOOL_CONVERSION = YES;
				CLANG_WARN_COMMA = YES;
				CLANG_WARN_CONSTANT_CONVERSION = YES;
				CLANG_WARN_DEPRECATED_OBJC_IMPLEMENTATIONS = YES;
				CLANG_WARN_DIRECT_OBJC_ISA_USAGE = YES_ERROR;
				CLANG_WARN_DOCUMENTATION_COMMENTS = YES;
				CLANG_WARN_EMPTY_BODY = YES;
				CLANG_WARN_ENUM_CONVERSION = YES;
				CLANG_WARN_INFINITE_RECURSION = YES;
				CLANG_WARN_INT_CONVERSION = YES;
				CLANG_WARN_NON_LITERAL_NULL_CONVERSION = YES;
				CLANG_WARN_OBJC_IMPLICIT_RETAIN_SELF = YES;
				CLANG_WARN_OBJC_LITERAL_CONVERSION = YES;
				CLANG_WARN_OBJC_ROOT_CLASS = YES_ERROR;
				CLANG_WARN_RANGE_LOOP_ANALYSIS = YES;
				CLANG_WARN_STRICT_PROTOTYPES = YES;
				CLANG_WARN_SUSPICIOUS_MOVE = YES;
				CLANG_WARN_UNGUARDED_AVAILABILITY = YES_AGGRESSIVE;
				CLANG_WARN_UNREACHABLE_CODE = YES;
				CLANG_WARN__DUPLICATE_METHOD_MATCH = YES;
				CODE_SIGN_IDENTITY = "iPhone Developer";
				COPY_PHASE_STRIP = NO;
				DEBUG_INFORMATION_FORMAT = dwarf;
				ENABLE_STRICT_OBJC_MSGSEND = YES;
				ENABLE_TESTABILITY = YES;
				GCC_C_LANGUAGE_STANDARD = gnu11;
				GCC_DYNAMIC_NO_PIC = NO;
				GCC_NO_COMMON_BLOCKS = YES;
				GCC_OPTIMIZATION_LEVEL = 0;
				GCC_PREPROCESSOR_DEFINITIONS = (
					"DEBUG=1",
					"$(inherited)",
				);
				GCC_WARN_64_TO_32_BIT_CONVERSION = YES;
				GCC_WARN_ABOUT_RETURN_TYPE = YES_ERROR;
				GCC_WARN_UNDECLARED_SELECTOR = YES;
				GCC_WARN_UNINITIALIZED_AUTOS = YES_AGGRESSIVE;
				GCC_WARN_UNUSED_FUNCTION = YES;
				GCC_WARN_UNUSED_VARIABLE = YES;
				IPHONEOS_DEPLOYMENT_TARGET = 12.1;
				MTL_ENABLE_DEBUG_INFO = INCLUDE_SOURCE;
				MTL_FAST_MATH = YES;
				ONLY_ACTIVE_ARCH = YES;
				SDKROOT = iphoneos;
				SWIFT_ACTIVE_COMPILATION_CONDITIONS = DEBUG;
				SWIFT_OPTIMIZATION_LEVEL = "-Onone";
			};
			name = Debug;
		};
		82568E7621BACDE400296107 /* Release */ = {
			isa = XCBuildConfiguration;
			buildSettings = {
				ALWAYS_SEARCH_USER_PATHS = NO;
				CLANG_ANALYZER_NONNULL = YES;
				CLANG_ANALYZER_NUMBER_OBJECT_CONVERSION = YES_AGGRESSIVE;
				CLANG_CXX_LANGUAGE_STANDARD = "gnu++14";
				CLANG_CXX_LIBRARY = "libc++";
				CLANG_ENABLE_MODULES = YES;
				CLANG_ENABLE_OBJC_ARC = YES;
				CLANG_ENABLE_OBJC_WEAK = YES;
				CLANG_WARN_BLOCK_CAPTURE_AUTORELEASING = YES;
				CLANG_WARN_BOOL_CONVERSION = YES;
				CLANG_WARN_COMMA = YES;
				CLANG_WARN_CONSTANT_CONVERSION = YES;
				CLANG_WARN_DEPRECATED_OBJC_IMPLEMENTATIONS = YES;
				CLANG_WARN_DIRECT_OBJC_ISA_USAGE = YES_ERROR;
				CLANG_WARN_DOCUMENTATION_COMMENTS = YES;
				CLANG_WARN_EMPTY_BODY = YES;
				CLANG_WARN_ENUM_CONVERSION = YES;
				CLANG_WARN_INFINITE_RECURSION = YES;
				CLANG_WARN_INT_CONVERSION = YES;
				CLANG_WARN_NON_LITERAL_NULL_CONVERSION = YES;
				CLANG_WARN_OBJC_IMPLICIT_RETAIN_SELF = YES;
				CLANG_WARN_OBJC_LITERAL_CONVERSION = YES;
				CLANG_WARN_OBJC_ROOT_CLASS = YES_ERROR;
				CLANG_WARN_RANGE_LOOP_ANALYSIS = YES;
				CLANG_WARN_STRICT_PROTOTYPES = YES;
				CLANG_WARN_SUSPICIOUS_MOVE = YES;
				CLANG_WARN_UNGUARDED_AVAILABILITY = YES_AGGRESSIVE;
				CLANG_WARN_UNREACHABLE_CODE = YES;
				CLANG_WARN__DUPLICATE_METHOD_MATCH = YES;
				CODE_SIGN_IDENTITY = "iPhone Developer";
				COPY_PHASE_STRIP = NO;
				DEBUG_INFORMATION_FORMAT = "dwarf-with-dsym";
				ENABLE_NS_ASSERTIONS = NO;
				ENABLE_STRICT_OBJC_MSGSEND = YES;
				GCC_C_LANGUAGE_STANDARD = gnu11;
				GCC_NO_COMMON_BLOCKS = YES;
				GCC_WARN_64_TO_32_BIT_CONVERSION = YES;
				GCC_WARN_ABOUT_RETURN_TYPE = YES_ERROR;
				GCC_WARN_UNDECLARED_SELECTOR = YES;
				GCC_WARN_UNINITIALIZED_AUTOS = YES_AGGRESSIVE;
				GCC_WARN_UNUSED_FUNCTION = YES;
				GCC_WARN_UNUSED_VARIABLE = YES;
				IPHONEOS_DEPLOYMENT_TARGET = 12.1;
				MTL_ENABLE_DEBUG_INFO = NO;
				MTL_FAST_MATH = YES;
				SDKROOT = iphoneos;
				SWIFT_COMPILATION_MODE = wholemodule;
				SWIFT_OPTIMIZATION_LEVEL = "-O";
				VALIDATE_PRODUCT = YES;
			};
			name = Release;
		};
		82568E7821BACDE400296107 /* Debug */ = {
			isa = XCBuildConfiguration;
			buildSettings = {
				ASSETCATALOG_COMPILER_APPICON_NAME = AppIcon;
				CODE_SIGN_STYLE = Automatic;
				INFOPLIST_FILE = "$(SRCROOT)/Random Quotes/Resources/Info.plist";
				LD_RUNPATH_SEARCH_PATHS = (
					"$(inherited)",
					"@executable_path/Frameworks",
				);
				PRODUCT_BUNDLE_IDENTIFIER = "com.lambdaschool.Random-Quotes";
				PRODUCT_NAME = "$(TARGET_NAME)";
				SWIFT_VERSION = 4.2;
				TARGETED_DEVICE_FAMILY = "1,2";
			};
			name = Debug;
		};
		82568E7921BACDE400296107 /* Release */ = {
			isa = XCBuildConfiguration;
			buildSettings = {
				ASSETCATALOG_COMPILER_APPICON_NAME = AppIcon;
				CODE_SIGN_STYLE = Automatic;
				INFOPLIST_FILE = "$(SRCROOT)/Random Quotes/Resources/Info.plist";
				LD_RUNPATH_SEARCH_PATHS = (
					"$(inherited)",
					"@executable_path/Frameworks",
				);
				PRODUCT_BUNDLE_IDENTIFIER = "com.lambdaschool.Random-Quotes";
				PRODUCT_NAME = "$(TARGET_NAME)";
				SWIFT_VERSION = 4.2;
				TARGETED_DEVICE_FAMILY = "1,2";
			};
			name = Release;
		};
/* End XCBuildConfiguration section */

/* Begin XCConfigurationList section */
		82568E6021BACDE300296107 /* Build configuration list for PBXProject "Random Quotes" */ = {
			isa = XCConfigurationList;
			buildConfigurations = (
				82568E7521BACDE400296107 /* Debug */,
				82568E7621BACDE400296107 /* Release */,
			);
			defaultConfigurationIsVisible = 0;
			defaultConfigurationName = Release;
		};
		82568E7721BACDE400296107 /* Build configuration list for PBXNativeTarget "Random Quotes" */ = {
			isa = XCConfigurationList;
			buildConfigurations = (
				82568E7821BACDE400296107 /* Debug */,
				82568E7921BACDE400296107 /* Release */,
			);
			defaultConfigurationIsVisible = 0;
			defaultConfigurationName = Release;
		};
/* End XCConfigurationList section */
	};
	rootObject = 82568E5D21BACDE300296107 /* Project object */;
}
